
Microsoft Visual Studio Solution File, Format Version 12.00
# Visual Studio Version 16
VisualStudioVersion = 16.0.31624.102
MinimumVisualStudioVersion = 10.0.40219.1
Project("{FAE04EC0-301F-11D3-BF4B-00C04F79EFBC}") = "HashTableAndBST", "HashTableAndBST.csproj", "{C4AAD9E0-3A92-424C-9163-31B14AED901B}"
EndProject
Global
	GlobalSection(SolutionConfigurationPlatforms) = preSolution
		Debug|Any CPU = Debug|Any CPU
		Release|Any CPU = Release|Any CPU
	EndGlobalSection
	GlobalSection(ProjectConfigurationPlatforms) = postSolution
		{C4AAD9E0-3A92-424C-9163-31B14AED901B}.Debug|Any CPU.ActiveCfg = Debug|Any CPU
		{C4AAD9E0-3A92-424C-9163-31B14AED901B}.Debug|Any CPU.Build.0 = Debug|Any CPU
		{C4AAD9E0-3A92-424C-9163-31B14AED901B}.Release|Any CPU.ActiveCfg = Release|Any CPU
		{C4AAD9E0-3A92-424C-9163-31B14AED901B}.Release|Any CPU.Build.0 = Release|Any CPU
	EndGlobalSection
	GlobalSection(SolutionProperties) = preSolution
		HideSolutionNode = FALSE
	EndGlobalSection
	GlobalSection(ExtensibilityGlobals) = postSolution
		SolutionGuid = {E441662F-E948-40DB-93FA-A33A43C7DF71}
	EndGlobalSection
EndGlobal
